
Microsoft Visual Studio Solution File, Format Version 12.00
# Visual Studio 15
VisualStudioVersion = 15.0.28307.1082
MinimumVisualStudioVersion = 10.0.40219.1
Project("{FAE04EC0-301F-11D3-BF4B-00C04F79EFBC}") = "DiscussionPlatform", "DiscussionPlatform\DiscussionPlatform.csproj", "{BF0BD7DE-3A07-453D-B741-B41789009E4C}"
EndProject
Project("{FAE04EC0-301F-11D3-BF4B-00C04F79EFBC}") = "DiscussionPlatform.Data", "DiscussionPlatform.Data\DiscussionPlatform.Data.csproj", "{EAB928F3-22AC-4328-A5B1-575EDDB3ED0D}"
EndProject
Global
	GlobalSection(SolutionConfigurationPlatforms) = preSolution
		Debug|Any CPU = Debug|Any CPU
		Release|Any CPU = Release|Any CPU
	EndGlobalSection
	GlobalSection(ProjectConfigurationPlatforms) = postSolution
		{BF0BD7DE-3A07-453D-B741-B41789009E4C}.Debug|Any CPU.ActiveCfg = Debug|Any CPU
		{BF0BD7DE-3A07-453D-B741-B41789009E4C}.Debug|Any CPU.Build.0 = Debug|Any CPU
		{BF0BD7DE-3A07-453D-B741-B41789009E4C}.Release|Any CPU.ActiveCfg = Release|Any CPU
		{BF0BD7DE-3A07-453D-B741-B41789009E4C}.Release|Any CPU.Build.0 = Release|Any CPU
		{EAB928F3-22AC-4328-A5B1-575EDDB3ED0D}.Debug|Any CPU.ActiveCfg = Debug|Any CPU
		{EAB928F3-22AC-4328-A5B1-575EDDB3ED0D}.Debug|Any CPU.Build.0 = Debug|Any CPU
		{EAB928F3-22AC-4328-A5B1-575EDDB3ED0D}.Release|Any CPU.ActiveCfg = Release|Any CPU
		{EAB928F3-22AC-4328-A5B1-575EDDB3ED0D}.Release|Any CPU.Build.0 = Release|Any CPU
	EndGlobalSection
	GlobalSection(SolutionProperties) = preSolution
		HideSolutionNode = FALSE
	EndGlobalSection
	GlobalSection(ExtensibilityGlobals) = postSolution
		SolutionGuid = {3EF4A064-F83F-4AD5-ADB7-6937AC7B7396}
	EndGlobalSection
EndGlobal
